
Microsoft Visual Studio Solution File, Format Version 12.00
# Visual Studio Version 17
VisualStudioVersion = 17.0.31903.59
MinimumVisualStudioVersion = 10.0.40219.1
Project("{2150E333-8FDC-42A3-9474-1A3956D46DE8}") = "src", "src", "{827E0CD3-B72D-47B6-A68D-7590B98EB39B}"
EndProject
Project("{FAE04EC0-301F-11D3-BF4B-00C04F79EFBC}") = "CRUDSimples.Application", "src\CRUDSimples.Application\CRUDSimples.Application.csproj", "{E6D476EA-AF55-4B37-ABE7-FC969491379E}"
EndProject
Project("{FAE04EC0-301F-11D3-BF4B-00C04F79EFBC}") = "CRUDSimples.Domain", "src\CRUDSimples.Domain\CRUDSimples.Domain.csproj", "{357EA090-5C74-4333-9902-E568DEFD6A8E}"
EndProject
Project("{FAE04EC0-301F-11D3-BF4B-00C04F79EFBC}") = "CRUDSimples.Infrastructure", "src\CRUDSimples.Infrastructure\CRUDSimples.Infrastructure.csproj", "{97F9739B-7E44-40E0-85F3-A2D5DD267286}"
EndProject
Project("{FAE04EC0-301F-11D3-BF4B-00C04F79EFBC}") = "CRUDSimples.UI", "src\CRUDSimples.UI\CRUDSimples.UI.csproj", "{3ADEC4D7-CEE6-4421-8D0A-3C18391F3F36}"
EndProject
Project("{2150E333-8FDC-42A3-9474-1A3956D46DE8}") = "tests", "tests", "{0AB3BF05-4346-4AA6-1389-037BE0695223}"
EndProject
Project("{FAE04EC0-301F-11D3-BF4B-00C04F79EFBC}") = "CRUDSimples.Tests", "tests\CRUDSimples.Tests\CRUDSimples.Tests.csproj", "{30BD3C6F-BEA7-4F3B-A444-9A8B6175D79C}"
EndProject
Global
	GlobalSection(SolutionConfigurationPlatforms) = preSolution
		Debug|Any CPU = Debug|Any CPU
		Debug|x64 = Debug|x64
		Debug|x86 = Debug|x86
		Release|Any CPU = Release|Any CPU
		Release|x64 = Release|x64
		Release|x86 = Release|x86
	EndGlobalSection
	GlobalSection(ProjectConfigurationPlatforms) = postSolution
		{E6D476EA-AF55-4B37-ABE7-FC969491379E}.Debug|Any CPU.ActiveCfg = Debug|Any CPU
		{E6D476EA-AF55-4B37-ABE7-FC969491379E}.Debug|Any CPU.Build.0 = Debug|Any CPU
		{E6D476EA-AF55-4B37-ABE7-FC969491379E}.Debug|x64.ActiveCfg = Debug|Any CPU
		{E6D476EA-AF55-4B37-ABE7-FC969491379E}.Debug|x64.Build.0 = Debug|Any CPU
		{E6D476EA-AF55-4B37-ABE7-FC969491379E}.Debug|x86.ActiveCfg = Debug|Any CPU
		{E6D476EA-AF55-4B37-ABE7-FC969491379E}.Debug|x86.Build.0 = Debug|Any CPU
		{E6D476EA-AF55-4B37-ABE7-FC969491379E}.Release|Any CPU.ActiveCfg = Release|Any CPU
		{E6D476EA-AF55-4B37-ABE7-FC969491379E}.Release|Any CPU.Build.0 = Release|Any CPU
		{E6D476EA-AF55-4B37-ABE7-FC969491379E}.Release|x64.ActiveCfg = Release|Any CPU
		{E6D476EA-AF55-4B37-ABE7-FC969491379E}.Release|x64.Build.0 = Release|Any CPU
		{E6D476EA-AF55-4B37-ABE7-FC969491379E}.Release|x86.ActiveCfg = Release|Any CPU
		{E6D476EA-AF55-4B37-ABE7-FC969491379E}.Release|x86.Build.0 = Release|Any CPU
		{357EA090-5C74-4333-9902-E568DEFD6A8E}.Debug|Any CPU.ActiveCfg = Debug|Any CPU
		{357EA090-5C74-4333-9902-E568DEFD6A8E}.Debug|Any CPU.Build.0 = Debug|Any CPU
		{357EA090-5C74-4333-9902-E568DEFD6A8E}.Debug|x64.ActiveCfg = Debug|Any CPU
		{357EA090-5C74-4333-9902-E568DEFD6A8E}.Debug|x64.Build.0 = Debug|Any CPU
		{357EA090-5C74-4333-9902-E568DEFD6A8E}.Debug|x86.ActiveCfg = Debug|Any CPU
		{357EA090-5C74-4333-9902-E568DEFD6A8E}.Debug|x86.Build.0 = Debug|Any CPU
		{357EA090-5C74-4333-9902-E568DEFD6A8E}.Release|Any CPU.ActiveCfg = Release|Any CPU
		{357EA090-5C74-4333-9902-E568DEFD6A8E}.Release|Any CPU.Build.0 = Release|Any CPU
		{357EA090-5C74-4333-9902-E568DEFD6A8E}.Release|x64.ActiveCfg = Release|Any CPU
		{357EA090-5C74-4333-9902-E568DEFD6A8E}.Release|x64.Build.0 = Release|Any CPU
		{357EA090-5C74-4333-9902-E568DEFD6A8E}.Release|x86.ActiveCfg = Release|Any CPU
		{357EA090-5C74-4333-9902-E568DEFD6A8E}.Release|x86.Build.0 = Release|Any CPU
		{97F9739B-7E44-40E0-85F3-A2D5DD267286}.Debug|Any CPU.ActiveCfg = Debug|Any CPU
		{97F9739B-7E44-40E0-85F3-A2D5DD267286}.Debug|Any CPU.Build.0 = Debug|Any CPU
		{97F9739B-7E44-40E0-85F3-A2D5DD267286}.Debug|x64.ActiveCfg = Debug|Any CPU
		{97F9739B-7E44-40E0-85F3-A2D5DD267286}.Debug|x64.Build.0 = Debug|Any CPU
		{97F9739B-7E44-40E0-85F3-A2D5DD267286}.Debug|x86.ActiveCfg = Debug|Any CPU
		{97F9739B-7E44-40E0-85F3-A2D5DD267286}.Debug|x86.Build.0 = Debug|Any CPU
		{97F9739B-7E44-40E0-85F3-A2D5DD267286}.Release|Any CPU.ActiveCfg = Release|Any CPU
		{97F9739B-7E44-40E0-85F3-A2D5DD267286}.Release|Any CPU.Build.0 = Release|Any CPU
		{97F9739B-7E44-40E0-85F3-A2D5DD267286}.Release|x64.ActiveCfg = Release|Any CPU
		{97F9739B-7E44-40E0-85F3-A2D5DD267286}.Release|x64.Build.0 = Release|Any CPU
		{97F9739B-7E44-40E0-85F3-A2D5DD267286}.Release|x86.ActiveCfg = Release|Any CPU
		{97F9739B-7E44-40E0-85F3-A2D5DD267286}.Release|x86.Build.0 = Release|Any CPU
		{3ADEC4D7-CEE6-4421-8D0A-3C18391F3F36}.Debug|Any CPU.ActiveCfg = Debug|Any CPU
		{3ADEC4D7-CEE6-4421-8D0A-3C18391F3F36}.Debug|Any CPU.Build.0 = Debug|Any CPU
		{3ADEC4D7-CEE6-4421-8D0A-3C18391F3F36}.Debug|x64.ActiveCfg = Debug|Any CPU
		{3ADEC4D7-CEE6-4421-8D0A-3C18391F3F36}.Debug|x64.Build.0 = Debug|Any CPU
		{3ADEC4D7-CEE6-4421-8D0A-3C18391F3F36}.Debug|x86.ActiveCfg = Debug|Any CPU
		{3ADEC4D7-CEE6-4421-8D0A-3C18391F3F36}.Debug|x86.Build.0 = Debug|Any CPU
		{3ADEC4D7-CEE6-4421-8D0A-3C18391F3F36}.Release|Any CPU.ActiveCfg = Release|Any CPU
		{3ADEC4D7-CEE6-4421-8D0A-3C18391F3F36}.Release|Any CPU.Build.0 = Release|Any CPU
		{3ADEC4D7-CEE6-4421-8D0A-3C18391F3F36}.Release|x64.ActiveCfg = Release|Any CPU
		{3ADEC4D7-CEE6-4421-8D0A-3C18391F3F36}.Release|x64.Build.0 = Release|Any CPU
		{3ADEC4D7-CEE6-4421-8D0A-3C18391F3F36}.Release|x86.ActiveCfg = Release|Any CPU
		{3ADEC4D7-CEE6-4421-8D0A-3C18391F3F36}.Release|x86.Build.0 = Release|Any CPU
		{30BD3C6F-BEA7-4F3B-A444-9A8B6175D79C}.Debug|Any CPU.ActiveCfg = Debug|Any CPU
		{30BD3C6F-BEA7-4F3B-A444-9A8B6175D79C}.Debug|Any CPU.Build.0 = Debug|Any CPU
		{30BD3C6F-BEA7-4F3B-A444-9A8B6175D79C}.Debug|x64.ActiveCfg = Debug|Any CPU
		{30BD3C6F-BEA7-4F3B-A444-9A8B6175D79C}.Debug|x64.Build.0 = Debug|Any CPU
		{30BD3C6F-BEA7-4F3B-A444-9A8B6175D79C}.Debug|x86.ActiveCfg = Debug|Any CPU
		{30BD3C6F-BEA7-4F3B-A444-9A8B6175D79C}.Debug|x86.Build.0 = Debug|Any CPU
		{30BD3C6F-BEA7-4F3B-A444-9A8B6175D79C}.Release|Any CPU.ActiveCfg = Release|Any CPU
		{30BD3C6F-BEA7-4F3B-A444-9A8B6175D79C}.Release|Any CPU.Build.0 = Release|Any CPU
		{30BD3C6F-BEA7-4F3B-A444-9A8B6175D79C}.Release|x64.ActiveCfg = Release|Any CPU
		{30BD3C6F-BEA7-4F3B-A444-9A8B6175D79C}.Release|x64.Build.0 = Release|Any CPU
		{30BD3C6F-BEA7-4F3B-A444-9A8B6175D79C}.Release|x86.ActiveCfg = Release|Any CPU
		{30BD3C6F-BEA7-4F3B-A444-9A8B6175D79C}.Release|x86.Build.0 = Release|Any CPU
	EndGlobalSection
	GlobalSection(SolutionProperties) = preSolution
		HideSolutionNode = FALSE
	EndGlobalSection
	GlobalSection(NestedProjects) = preSolution
		{E6D476EA-AF55-4B37-ABE7-FC969491379E} = {827E0CD3-B72D-47B6-A68D-7590B98EB39B}
		{357EA090-5C74-4333-9902-E568DEFD6A8E} = {827E0CD3-B72D-47B6-A68D-7590B98EB39B}
		{97F9739B-7E44-40E0-85F3-A2D5DD267286} = {827E0CD3-B72D-47B6-A68D-7590B98EB39B}
		{3ADEC4D7-CEE6-4421-8D0A-3C18391F3F36} = {827E0CD3-B72D-47B6-A68D-7590B98EB39B}
		{30BD3C6F-BEA7-4F3B-A444-9A8B6175D79C} = {0AB3BF05-4346-4AA6-1389-037BE0695223}
	EndGlobalSection
EndGlobal
